
Microsoft Visual Studio Solution File, Format Version 12.00
# Visual Studio Version 17
VisualStudioVersion = 17.10.35122.118
MinimumVisualStudioVersion = 10.0.40219.1
Project("{8BC9CEB8-8B4A-11D0-8D11-00A0C91BC942}") = "RS232", "RS232\RS232.vcxproj", "{6013F380-FECD-44FD-88D1-43E2963BF68A}"
EndProject
Project("{8BC9CEB8-8B4A-11D0-8D11-00A0C91BC942}") = "HWManager", "HWManager\HWManager.vcxproj", "{49EB5044-414B-4E8E-86B8-3B3B8AB73D0E}"
EndProject
Project("{9A19103F-16F7-4668-BE54-9A1E7A4F7556}") = "AppForm", "AppForm\AppForm.csproj", "{BD382E97-81E7-49DF-BE96-A1A3B071621D}"
EndProject
Project("{9A19103F-16F7-4668-BE54-9A1E7A4F7556}") = "Interfaces", "Interfaces\Interfaces.csproj", "{A1A95B74-6718-4044-96CA-76599C8114CE}"
EndProject
Global
	GlobalSection(SolutionConfigurationPlatforms) = preSolution
		Debug|Any CPU = Debug|Any CPU
		Debug|x64 = Debug|x64
		Debug|x86 = Debug|x86
		Release|Any CPU = Release|Any CPU
		Release|x64 = Release|x64
		Release|x86 = Release|x86
	EndGlobalSection
	GlobalSection(ProjectConfigurationPlatforms) = postSolution
		{6013F380-FECD-44FD-88D1-43E2963BF68A}.Debug|Any CPU.ActiveCfg = Debug|x64
		{6013F380-FECD-44FD-88D1-43E2963BF68A}.Debug|Any CPU.Build.0 = Debug|x64
		{6013F380-FECD-44FD-88D1-43E2963BF68A}.Debug|x64.ActiveCfg = Release|x64
		{6013F380-FECD-44FD-88D1-43E2963BF68A}.Debug|x64.Build.0 = Release|x64
		{6013F380-FECD-44FD-88D1-43E2963BF68A}.Debug|x86.ActiveCfg = Debug|Win32
		{6013F380-FECD-44FD-88D1-43E2963BF68A}.Debug|x86.Build.0 = Debug|Win32
		{6013F380-FECD-44FD-88D1-43E2963BF68A}.Release|Any CPU.ActiveCfg = Release|x64
		{6013F380-FECD-44FD-88D1-43E2963BF68A}.Release|Any CPU.Build.0 = Release|x64
		{6013F380-FECD-44FD-88D1-43E2963BF68A}.Release|x64.ActiveCfg = Release|x64
		{6013F380-FECD-44FD-88D1-43E2963BF68A}.Release|x64.Build.0 = Release|x64
		{6013F380-FECD-44FD-88D1-43E2963BF68A}.Release|x86.ActiveCfg = Release|Win32
		{6013F380-FECD-44FD-88D1-43E2963BF68A}.Release|x86.Build.0 = Release|Win32
		{49EB5044-414B-4E8E-86B8-3B3B8AB73D0E}.Debug|Any CPU.ActiveCfg = Debug|x64
		{49EB5044-414B-4E8E-86B8-3B3B8AB73D0E}.Debug|Any CPU.Build.0 = Debug|x64
		{49EB5044-414B-4E8E-86B8-3B3B8AB73D0E}.Debug|x64.ActiveCfg = Release|x64
		{49EB5044-414B-4E8E-86B8-3B3B8AB73D0E}.Debug|x64.Build.0 = Release|x64
		{49EB5044-414B-4E8E-86B8-3B3B8AB73D0E}.Debug|x86.ActiveCfg = Debug|Win32
		{49EB5044-414B-4E8E-86B8-3B3B8AB73D0E}.Debug|x86.Build.0 = Debug|Win32
		{49EB5044-414B-4E8E-86B8-3B3B8AB73D0E}.Release|Any CPU.ActiveCfg = Release|x64
		{49EB5044-414B-4E8E-86B8-3B3B8AB73D0E}.Release|Any CPU.Build.0 = Release|x64
		{49EB5044-414B-4E8E-86B8-3B3B8AB73D0E}.Release|x64.ActiveCfg = Release|x64
		{49EB5044-414B-4E8E-86B8-3B3B8AB73D0E}.Release|x64.Build.0 = Release|x64
		{49EB5044-414B-4E8E-86B8-3B3B8AB73D0E}.Release|x86.ActiveCfg = Release|Win32
		{49EB5044-414B-4E8E-86B8-3B3B8AB73D0E}.Release|x86.Build.0 = Release|Win32
		{BD382E97-81E7-49DF-BE96-A1A3B071621D}.Debug|Any CPU.ActiveCfg = Debug|Any CPU
		{BD382E97-81E7-49DF-BE96-A1A3B071621D}.Debug|Any CPU.Build.0 = Debug|Any CPU
		{BD382E97-81E7-49DF-BE96-A1A3B071621D}.Debug|x64.ActiveCfg = Release|Any CPU
		{BD382E97-81E7-49DF-BE96-A1A3B071621D}.Debug|x64.Build.0 = Release|Any CPU
		{BD382E97-81E7-49DF-BE96-A1A3B071621D}.Debug|x86.ActiveCfg = Debug|Any CPU
		{BD382E97-81E7-49DF-BE96-A1A3B071621D}.Debug|x86.Build.0 = Debug|Any CPU
		{BD382E97-81E7-49DF-BE96-A1A3B071621D}.Release|Any CPU.ActiveCfg = Release|Any CPU
		{BD382E97-81E7-49DF-BE96-A1A3B071621D}.Release|Any CPU.Build.0 = Release|Any CPU
		{BD382E97-81E7-49DF-BE96-A1A3B071621D}.Release|x64.ActiveCfg = Release|Any CPU
		{BD382E97-81E7-49DF-BE96-A1A3B071621D}.Release|x64.Build.0 = Release|Any CPU
		{BD382E97-81E7-49DF-BE96-A1A3B071621D}.Release|x86.ActiveCfg = Release|Any CPU
		{BD382E97-81E7-49DF-BE96-A1A3B071621D}.Release|x86.Build.0 = Release|Any CPU
		{A1A95B74-6718-4044-96CA-76599C8114CE}.Debug|Any CPU.ActiveCfg = Debug|Any CPU
		{A1A95B74-6718-4044-96CA-76599C8114CE}.Debug|Any CPU.Build.0 = Debug|Any CPU
		{A1A95B74-6718-4044-96CA-76599C8114CE}.Debug|x64.ActiveCfg = Release|Any CPU
		{A1A95B74-6718-4044-96CA-76599C8114CE}.Debug|x64.Build.0 = Release|Any CPU
		{A1A95B74-6718-4044-96CA-76599C8114CE}.Debug|x86.ActiveCfg = Debug|Any CPU
		{A1A95B74-6718-4044-96CA-76599C8114CE}.Debug|x86.Build.0 = Debug|Any CPU
		{A1A95B74-6718-4044-96CA-76599C8114CE}.Release|Any CPU.ActiveCfg = Release|Any CPU
		{A1A95B74-6718-4044-96CA-76599C8114CE}.Release|Any CPU.Build.0 = Release|Any CPU
		{A1A95B74-6718-4044-96CA-76599C8114CE}.Release|x64.ActiveCfg = Release|Any CPU
		{A1A95B74-6718-4044-96CA-76599C8114CE}.Release|x64.Build.0 = Release|Any CPU
		{A1A95B74-6718-4044-96CA-76599C8114CE}.Release|x86.ActiveCfg = Release|Any CPU
		{A1A95B74-6718-4044-96CA-76599C8114CE}.Release|x86.Build.0 = Release|Any CPU
	EndGlobalSection
	GlobalSection(SolutionProperties) = preSolution
		HideSolutionNode = FALSE
	EndGlobalSection
	GlobalSection(ExtensibilityGlobals) = postSolution
		SolutionGuid = {6DA4AAC1-3EEA-428A-A5C8-0236076B4D90}
	EndGlobalSection
EndGlobal
